
Microsoft Visual Studio Solution File, Format Version 12.00
# Visual Studio 15
VisualStudioVersion = 15.0.26124.0
MinimumVisualStudioVersion = 15.0.26124.0
Project("{9A19103F-16F7-4668-BE54-9A1E7A4F7556}") = "R5T.Tools.Dotnet.Construction", "R5T.Tools.Dotnet.Construction\R5T.Tools.Dotnet.Construction.csproj", "{EABCD017-DA1A-4923-93B2-45E341B6C6B8}"
EndProject
Project("{9A19103F-16F7-4668-BE54-9A1E7A4F7556}") = "R5T.Tools.Dotnet", "R5T.Tools.Dotnet\R5T.Tools.Dotnet.csproj", "{0B76E2CA-8F25-421C-9D5F-BAB9368B5552}"
EndProject
Project("{9A19103F-16F7-4668-BE54-9A1E7A4F7556}") = "R5T.Tools.Dotnet.Testing", "R5T.Tools.Dotnet.Testing\R5T.Tools.Dotnet.Testing.csproj", "{B81A2A30-4D63-429F-AD44-7AF16D1D717A}"
EndProject
Project("{9A19103F-16F7-4668-BE54-9A1E7A4F7556}") = "R5T.NetStandard.IO.Paths", "..\..\R5T.NetStandard.IO.Paths\source\R5T.NetStandard.IO.Paths\R5T.NetStandard.IO.Paths.csproj", "{7D42FB7F-147C-4D39-8A25-20A6CE480507}"
EndProject
Project("{9A19103F-16F7-4668-BE54-9A1E7A4F7556}") = "R5T.NetStandard.OS.Types", "..\..\R5T.NetStandard.OS.Types\source\R5T.NetStandard.OS.Types\R5T.NetStandard.OS.Types.csproj", "{4E518D30-87FA-4CB5-9E62-05EC73BEF3E6}"
EndProject
Project("{9A19103F-16F7-4668-BE54-9A1E7A4F7556}") = "R5T.NetStandard.OS", "..\..\R5T.NetStandard.OS\source\R5T.NetStandard.OS\R5T.NetStandard.OS.csproj", "{2AC6EC0C-CEA6-4FA8-9261-8CCB7847D92B}"
EndProject
Project("{9A19103F-16F7-4668-BE54-9A1E7A4F7556}") = "R5T.NetStandard.TypedString", "..\..\R5T.NetStandard.TypedString\source\R5T.NetStandard.TypedString\R5T.NetStandard.TypedString.csproj", "{7FF7DCBF-F5E0-41C1-A0B1-B6F0C0F7AA2E}"
EndProject
Project("{9A19103F-16F7-4668-BE54-9A1E7A4F7556}") = "R5T.NetStandard.Types", "..\..\R5T.NetStandard.Types\source\R5T.NetStandard.Types\R5T.NetStandard.Types.csproj", "{7C149BB2-BF05-46DB-8742-2839112A040D}"
EndProject
Project("{2150E333-8FDC-42A3-9474-1A3956D46DE8}") = "_Dependencies", "_Dependencies", "{B2AECABB-E5B1-4CD3-BFD2-ABA45606829E}"
EndProject
Project("{9A19103F-16F7-4668-BE54-9A1E7A4F7556}") = "R5T.Tools.Dotnet.Types", "..\..\R5T.Tools.Dotnet.Types\source\R5T.Tools.Dotnet.Types\R5T.Tools.Dotnet.Types.csproj", "{92B9DCB4-2485-41DE-8691-566FFC0A6285}"
EndProject
Project("{9A19103F-16F7-4668-BE54-9A1E7A4F7556}") = "R5T.Code.VS.Types", "..\..\R5T.Code.VS.Types\source\R5T.Code.VS.Types\R5T.Code.VS.Types.csproj", "{99AFAF56-E740-4EB1-9F13-3D6A0E547D47}"
EndProject
Project("{9A19103F-16F7-4668-BE54-9A1E7A4F7556}") = "R5T.Code.VS", "..\..\R5T.Code.VS\source\R5T.Code.VS\R5T.Code.VS.csproj", "{3296C328-50EF-484D-B55D-69925CA4EEE9}"
EndProject
Project("{9A19103F-16F7-4668-BE54-9A1E7A4F7556}") = "R5T.Code.VS.IO.Types", "..\..\R5T.Code.VS.IO.Types\source\R5T.Code.VS.IO.Types\R5T.Code.VS.IO.Types.csproj", "{E8F7BB35-CD3C-4228-9F5C-A7E1BE8042E4}"
EndProject
Project("{9A19103F-16F7-4668-BE54-9A1E7A4F7556}") = "R5T.NetStandard.IO.Paths.Types", "..\..\R5T.NetStandard.IO.Paths.Types\source\R5T.NetStandard.IO.Paths.Types\R5T.NetStandard.IO.Paths.Types.csproj", "{0753D3B0-8139-45EB-981F-61ABEE1227C8}"
EndProject
Project("{9A19103F-16F7-4668-BE54-9A1E7A4F7556}") = "R5T.Code.VS.Types.Core", "..\..\R5T.Code.VS.Types.Core\source\R5T.Code.VS.Types.Core\R5T.Code.VS.Types.Core.csproj", "{9CBD7895-AFA2-4F71-BE34-4FC5BF7E8540}"
EndProject
Project("{9A19103F-16F7-4668-BE54-9A1E7A4F7556}") = "R5T.NetStandard.IO.Types", "..\..\R5T.NetStandard.IO.Types\source\R5T.NetStandard.IO.Types\R5T.NetStandard.IO.Types.csproj", "{EFCCFE07-21B8-4F1A-A70F-C0EAE8BE98A4}"
EndProject
Project("{9A19103F-16F7-4668-BE54-9A1E7A4F7556}") = "R5T.Tools.NuGet.Types", "..\..\R5T.Tools.NuGet.Types\source\R5T.Tools.NuGet.Types\R5T.Tools.NuGet.Types.csproj", "{AC9E4A55-6503-464C-ACB2-0B1263A29A8C}"
EndProject
Project("{9A19103F-16F7-4668-BE54-9A1E7A4F7556}") = "R5T.NetStandard.Logging.Types", "..\..\R5T.NetStandard.Logging.Types\source\R5T.NetStandard.Logging.Types\R5T.NetStandard.Logging.Types.csproj", "{189E4C53-D871-4D92-982E-CD157AC9094B}"
EndProject
Project("{9A19103F-16F7-4668-BE54-9A1E7A4F7556}") = "R5T.Tools.NuGet", "..\..\R5T.Tools.NuGet\source\R5T.Tools.NuGet\R5T.Tools.NuGet.csproj", "{9E74CE8E-952F-4FCF-A0E2-EED39370959C}"
EndProject
Global
	GlobalSection(SolutionConfigurationPlatforms) = preSolution
		Debug|Any CPU = Debug|Any CPU
		Debug|x64 = Debug|x64
		Debug|x86 = Debug|x86
		Release|Any CPU = Release|Any CPU
		Release|x64 = Release|x64
		Release|x86 = Release|x86
	EndGlobalSection
	GlobalSection(ProjectConfigurationPlatforms) = postSolution
		{EABCD017-DA1A-4923-93B2-45E341B6C6B8}.Debug|Any CPU.ActiveCfg = Debug|Any CPU
		{EABCD017-DA1A-4923-93B2-45E341B6C6B8}.Debug|Any CPU.Build.0 = Debug|Any CPU
		{EABCD017-DA1A-4923-93B2-45E341B6C6B8}.Debug|x64.ActiveCfg = Debug|Any CPU
		{EABCD017-DA1A-4923-93B2-45E341B6C6B8}.Debug|x64.Build.0 = Debug|Any CPU
		{EABCD017-DA1A-4923-93B2-45E341B6C6B8}.Debug|x86.ActiveCfg = Debug|Any CPU
		{EABCD017-DA1A-4923-93B2-45E341B6C6B8}.Debug|x86.Build.0 = Debug|Any CPU
		{EABCD017-DA1A-4923-93B2-45E341B6C6B8}.Release|Any CPU.ActiveCfg = Release|Any CPU
		{EABCD017-DA1A-4923-93B2-45E341B6C6B8}.Release|Any CPU.Build.0 = Release|Any CPU
		{EABCD017-DA1A-4923-93B2-45E341B6C6B8}.Release|x64.ActiveCfg = Release|Any CPU
		{EABCD017-DA1A-4923-93B2-45E341B6C6B8}.Release|x64.Build.0 = Release|Any CPU
		{EABCD017-DA1A-4923-93B2-45E341B6C6B8}.Release|x86.ActiveCfg = Release|Any CPU
		{EABCD017-DA1A-4923-93B2-45E341B6C6B8}.Release|x86.Build.0 = Release|Any CPU
		{0B76E2CA-8F25-421C-9D5F-BAB9368B5552}.Debug|Any CPU.ActiveCfg = Debug|Any CPU
		{0B76E2CA-8F25-421C-9D5F-BAB9368B5552}.Debug|Any CPU.Build.0 = Debug|Any CPU
		{0B76E2CA-8F25-421C-9D5F-BAB9368B5552}.Debug|x64.ActiveCfg = Debug|Any CPU
		{0B76E2CA-8F25-421C-9D5F-BAB9368B5552}.Debug|x64.Build.0 = Debug|Any CPU
		{0B76E2CA-8F25-421C-9D5F-BAB9368B5552}.Debug|x86.ActiveCfg = Debug|Any CPU
		{0B76E2CA-8F25-421C-9D5F-BAB9368B5552}.Debug|x86.Build.0 = Debug|Any CPU
		{0B76E2CA-8F25-421C-9D5F-BAB9368B5552}.Release|Any CPU.ActiveCfg = Release|Any CPU
		{0B76E2CA-8F25-421C-9D5F-BAB9368B5552}.Release|Any CPU.Build.0 = Release|Any CPU
		{0B76E2CA-8F25-421C-9D5F-BAB9368B5552}.Release|x64.ActiveCfg = Release|Any CPU
		{0B76E2CA-8F25-421C-9D5F-BAB9368B5552}.Release|x64.Build.0 = Release|Any CPU
		{0B76E2CA-8F25-421C-9D5F-BAB9368B5552}.Release|x86.ActiveCfg = Release|Any CPU
		{0B76E2CA-8F25-421C-9D5F-BAB9368B5552}.Release|x86.Build.0 = Release|Any CPU
		{B81A2A30-4D63-429F-AD44-7AF16D1D717A}.Debug|Any CPU.ActiveCfg = Debug|Any CPU
		{B81A2A30-4D63-429F-AD44-7AF16D1D717A}.Debug|Any CPU.Build.0 = Debug|Any CPU
		{B81A2A30-4D63-429F-AD44-7AF16D1D717A}.Debug|x64.ActiveCfg = Debug|Any CPU
		{B81A2A30-4D63-429F-AD44-7AF16D1D717A}.Debug|x64.Build.0 = Debug|Any CPU
		{B81A2A30-4D63-429F-AD44-7AF16D1D717A}.Debug|x86.ActiveCfg = Debug|Any CPU
		{B81A2A30-4D63-429F-AD44-7AF16D1D717A}.Debug|x86.Build.0 = Debug|Any CPU
		{B81A2A30-4D63-429F-AD44-7AF16D1D717A}.Release|Any CPU.ActiveCfg = Release|Any CPU
		{B81A2A30-4D63-429F-AD44-7AF16D1D717A}.Release|Any CPU.Build.0 = Release|Any CPU
		{B81A2A30-4D63-429F-AD44-7AF16D1D717A}.Release|x64.ActiveCfg = Release|Any CPU
		{B81A2A30-4D63-429F-AD44-7AF16D1D717A}.Release|x64.Build.0 = Release|Any CPU
		{B81A2A30-4D63-429F-AD44-7AF16D1D717A}.Release|x86.ActiveCfg = Release|Any CPU
		{B81A2A30-4D63-429F-AD44-7AF16D1D717A}.Release|x86.Build.0 = Release|Any CPU
		{7D42FB7F-147C-4D39-8A25-20A6CE480507}.Debug|Any CPU.ActiveCfg = Debug|Any CPU
		{7D42FB7F-147C-4D39-8A25-20A6CE480507}.Debug|Any CPU.Build.0 = Debug|Any CPU
		{7D42FB7F-147C-4D39-8A25-20A6CE480507}.Debug|x64.ActiveCfg = Debug|Any CPU
		{7D42FB7F-147C-4D39-8A25-20A6CE480507}.Debug|x64.Build.0 = Debug|Any CPU
		{7D42FB7F-147C-4D39-8A25-20A6CE480507}.Debug|x86.ActiveCfg = Debug|Any CPU
		{7D42FB7F-147C-4D39-8A25-20A6CE480507}.Debug|x86.Build.0 = Debug|Any CPU
		{7D42FB7F-147C-4D39-8A25-20A6CE480507}.Release|Any CPU.ActiveCfg = Release|Any CPU
		{7D42FB7F-147C-4D39-8A25-20A6CE480507}.Release|Any CPU.Build.0 = Release|Any CPU
		{7D42FB7F-147C-4D39-8A25-20A6CE480507}.Release|x64.ActiveCfg = Release|Any CPU
		{7D42FB7F-147C-4D39-8A25-20A6CE480507}.Release|x64.Build.0 = Release|Any CPU
		{7D42FB7F-147C-4D39-8A25-20A6CE480507}.Release|x86.ActiveCfg = Release|Any CPU
		{7D42FB7F-147C-4D39-8A25-20A6CE480507}.Release|x86.Build.0 = Release|Any CPU
		{4E518D30-87FA-4CB5-9E62-05EC73BEF3E6}.Debug|Any CPU.ActiveCfg = Debug|Any CPU
		{4E518D30-87FA-4CB5-9E62-05EC73BEF3E6}.Debug|Any CPU.Build.0 = Debug|Any CPU
		{4E518D30-87FA-4CB5-9E62-05EC73BEF3E6}.Debug|x64.ActiveCfg = Debug|Any CPU
		{4E518D30-87FA-4CB5-9E62-05EC73BEF3E6}.Debug|x64.Build.0 = Debug|Any CPU
		{4E518D30-87FA-4CB5-9E62-05EC73BEF3E6}.Debug|x86.ActiveCfg = Debug|Any CPU
		{4E518D30-87FA-4CB5-9E62-05EC73BEF3E6}.Debug|x86.Build.0 = Debug|Any CPU
		{4E518D30-87FA-4CB5-9E62-05EC73BEF3E6}.Release|Any CPU.ActiveCfg = Release|Any CPU
		{4E518D30-87FA-4CB5-9E62-05EC73BEF3E6}.Release|Any CPU.Build.0 = Release|Any CPU
		{4E518D30-87FA-4CB5-9E62-05EC73BEF3E6}.Release|x64.ActiveCfg = Release|Any CPU
		{4E518D30-87FA-4CB5-9E62-05EC73BEF3E6}.Release|x64.Build.0 = Release|Any CPU
		{4E518D30-87FA-4CB5-9E62-05EC73BEF3E6}.Release|x86.ActiveCfg = Release|Any CPU
		{4E518D30-87FA-4CB5-9E62-05EC73BEF3E6}.Release|x86.Build.0 = Release|Any CPU
		{2AC6EC0C-CEA6-4FA8-9261-8CCB7847D92B}.Debug|Any CPU.ActiveCfg = Debug|Any CPU
		{2AC6EC0C-CEA6-4FA8-9261-8CCB7847D92B}.Debug|Any CPU.Build.0 = Debug|Any CPU
		{2AC6EC0C-CEA6-4FA8-9261-8CCB7847D92B}.Debug|x64.ActiveCfg = Debug|Any CPU
		{2AC6EC0C-CEA6-4FA8-9261-8CCB7847D92B}.Debug|x64.Build.0 = Debug|Any CPU
		{2AC6EC0C-CEA6-4FA8-9261-8CCB7847D92B}.Debug|x86.ActiveCfg = Debug|Any CPU
		{2AC6EC0C-CEA6-4FA8-9261-8CCB7847D92B}.Debug|x86.Build.0 = Debug|Any CPU
		{2AC6EC0C-CEA6-4FA8-9261-8CCB7847D92B}.Release|Any CPU.ActiveCfg = Release|Any CPU
		{2AC6EC0C-CEA6-4FA8-9261-8CCB7847D92B}.Release|Any CPU.Build.0 = Release|Any CPU
		{2AC6EC0C-CEA6-4FA8-9261-8CCB7847D92B}.Release|x64.ActiveCfg = Release|Any CPU
		{2AC6EC0C-CEA6-4FA8-9261-8CCB7847D92B}.Release|x64.Build.0 = Release|Any CPU
		{2AC6EC0C-CEA6-4FA8-9261-8CCB7847D92B}.Release|x86.ActiveCfg = Release|Any CPU
		{2AC6EC0C-CEA6-4FA8-9261-8CCB7847D92B}.Release|x86.Build.0 = Release|Any CPU
		{7FF7DCBF-F5E0-41C1-A0B1-B6F0C0F7AA2E}.Debug|Any CPU.ActiveCfg = Debug|Any CPU
		{7FF7DCBF-F5E0-41C1-A0B1-B6F0C0F7AA2E}.Debug|Any CPU.Build.0 = Debug|Any CPU
		{7FF7DCBF-F5E0-41C1-A0B1-B6F0C0F7AA2E}.Debug|x64.ActiveCfg = Debug|Any CPU
		{7FF7DCBF-F5E0-41C1-A0B1-B6F0C0F7AA2E}.Debug|x64.Build.0 = Debug|Any CPU
		{7FF7DCBF-F5E0-41C1-A0B1-B6F0C0F7AA2E}.Debug|x86.ActiveCfg = Debug|Any CPU
		{7FF7DCBF-F5E0-41C1-A0B1-B6F0C0F7AA2E}.Debug|x86.Build.0 = Debug|Any CPU
		{7FF7DCBF-F5E0-41C1-A0B1-B6F0C0F7AA2E}.Release|Any CPU.ActiveCfg = Release|Any CPU
		{7FF7DCBF-F5E0-41C1-A0B1-B6F0C0F7AA2E}.Release|Any CPU.Build.0 = Release|Any CPU
		{7FF7DCBF-F5E0-41C1-A0B1-B6F0C0F7AA2E}.Release|x64.ActiveCfg = Release|Any CPU
		{7FF7DCBF-F5E0-41C1-A0B1-B6F0C0F7AA2E}.Release|x64.Build.0 = Release|Any CPU
		{7FF7DCBF-F5E0-41C1-A0B1-B6F0C0F7AA2E}.Release|x86.ActiveCfg = Release|Any CPU
		{7FF7DCBF-F5E0-41C1-A0B1-B6F0C0F7AA2E}.Release|x86.Build.0 = Release|Any CPU
		{7C149BB2-BF05-46DB-8742-2839112A040D}.Debug|Any CPU.ActiveCfg = Debug|Any CPU
		{7C149BB2-BF05-46DB-8742-2839112A040D}.Debug|Any CPU.Build.0 = Debug|Any CPU
		{7C149BB2-BF05-46DB-8742-2839112A040D}.Debug|x64.ActiveCfg = Debug|Any CPU
		{7C149BB2-BF05-46DB-8742-2839112A040D}.Debug|x64.Build.0 = Debug|Any CPU
		{7C149BB2-BF05-46DB-8742-2839112A040D}.Debug|x86.ActiveCfg = Debug|Any CPU
		{7C149BB2-BF05-46DB-8742-2839112A040D}.Debug|x86.Build.0 = Debug|Any CPU
		{7C149BB2-BF05-46DB-8742-2839112A040D}.Release|Any CPU.ActiveCfg = Release|Any CPU
		{7C149BB2-BF05-46DB-8742-2839112A040D}.Release|Any CPU.Build.0 = Release|Any CPU
		{7C149BB2-BF05-46DB-8742-2839112A040D}.Release|x64.ActiveCfg = Release|Any CPU
		{7C149BB2-BF05-46DB-8742-2839112A040D}.Release|x64.Build.0 = Release|Any CPU
		{7C149BB2-BF05-46DB-8742-2839112A040D}.Release|x86.ActiveCfg = Release|Any CPU
		{7C149BB2-BF05-46DB-8742-2839112A040D}.Release|x86.Build.0 = Release|Any CPU
		{92B9DCB4-2485-41DE-8691-566FFC0A6285}.Debug|Any CPU.ActiveCfg = Debug|Any CPU
		{92B9DCB4-2485-41DE-8691-566FFC0A6285}.Debug|Any CPU.Build.0 = Debug|Any CPU
		{92B9DCB4-2485-41DE-8691-566FFC0A6285}.Debug|x64.ActiveCfg = Debug|Any CPU
		{92B9DCB4-2485-41DE-8691-566FFC0A6285}.Debug|x64.Build.0 = Debug|Any CPU
		{92B9DCB4-2485-41DE-8691-566FFC0A6285}.Debug|x86.ActiveCfg = Debug|Any CPU
		{92B9DCB4-2485-41DE-8691-566FFC0A6285}.Debug|x86.Build.0 = Debug|Any CPU
		{92B9DCB4-2485-41DE-8691-566FFC0A6285}.Release|Any CPU.ActiveCfg = Release|Any CPU
		{92B9DCB4-2485-41DE-8691-566FFC0A6285}.Release|Any CPU.Build.0 = Release|Any CPU
		{92B9DCB4-2485-41DE-8691-566FFC0A6285}.Release|x64.ActiveCfg = Release|Any CPU
		{92B9DCB4-2485-41DE-8691-566FFC0A6285}.Release|x64.Build.0 = Release|Any CPU
		{92B9DCB4-2485-41DE-8691-566FFC0A6285}.Release|x86.ActiveCfg = Release|Any CPU
		{92B9DCB4-2485-41DE-8691-566FFC0A6285}.Release|x86.Build.0 = Release|Any CPU
		{99AFAF56-E740-4EB1-9F13-3D6A0E547D47}.Debug|Any CPU.ActiveCfg = Debug|Any CPU
		{99AFAF56-E740-4EB1-9F13-3D6A0E547D47}.Debug|Any CPU.Build.0 = Debug|Any CPU
		{99AFAF56-E740-4EB1-9F13-3D6A0E547D47}.Debug|x64.ActiveCfg = Debug|Any CPU
		{99AFAF56-E740-4EB1-9F13-3D6A0E547D47}.Debug|x64.Build.0 = Debug|Any CPU
		{99AFAF56-E740-4EB1-9F13-3D6A0E547D47}.Debug|x86.ActiveCfg = Debug|Any CPU
		{99AFAF56-E740-4EB1-9F13-3D6A0E547D47}.Debug|x86.Build.0 = Debug|Any CPU
		{99AFAF56-E740-4EB1-9F13-3D6A0E547D47}.Release|Any CPU.ActiveCfg = Release|Any CPU
		{99AFAF56-E740-4EB1-9F13-3D6A0E547D47}.Release|Any CPU.Build.0 = Release|Any CPU
		{99AFAF56-E740-4EB1-9F13-3D6A0E547D47}.Release|x64.ActiveCfg = Release|Any CPU
		{99AFAF56-E740-4EB1-9F13-3D6A0E547D47}.Release|x64.Build.0 = Release|Any CPU
		{99AFAF56-E740-4EB1-9F13-3D6A0E547D47}.Release|x86.ActiveCfg = Release|Any CPU
		{99AFAF56-E740-4EB1-9F13-3D6A0E547D47}.Release|x86.Build.0 = Release|Any CPU
		{3296C328-50EF-484D-B55D-69925CA4EEE9}.Debug|Any CPU.ActiveCfg = Debug|Any CPU
		{3296C328-50EF-484D-B55D-69925CA4EEE9}.Debug|Any CPU.Build.0 = Debug|Any CPU
		{3296C328-50EF-484D-B55D-69925CA4EEE9}.Debug|x64.ActiveCfg = Debug|Any CPU
		{3296C328-50EF-484D-B55D-69925CA4EEE9}.Debug|x64.Build.0 = Debug|Any CPU
		{3296C328-50EF-484D-B55D-69925CA4EEE9}.Debug|x86.ActiveCfg = Debug|Any CPU
		{3296C328-50EF-484D-B55D-69925CA4EEE9}.Debug|x86.Build.0 = Debug|Any CPU
		{3296C328-50EF-484D-B55D-69925CA4EEE9}.Release|Any CPU.ActiveCfg = Release|Any CPU
		{3296C328-50EF-484D-B55D-69925CA4EEE9}.Release|Any CPU.Build.0 = Release|Any CPU
		{3296C328-50EF-484D-B55D-69925CA4EEE9}.Release|x64.ActiveCfg = Release|Any CPU
		{3296C328-50EF-484D-B55D-69925CA4EEE9}.Release|x64.Build.0 = Release|Any CPU
		{3296C328-50EF-484D-B55D-69925CA4EEE9}.Release|x86.ActiveCfg = Release|Any CPU
		{3296C328-50EF-484D-B55D-69925CA4EEE9}.Release|x86.Build.0 = Release|Any CPU
		{E8F7BB35-CD3C-4228-9F5C-A7E1BE8042E4}.Debug|Any CPU.ActiveCfg = Debug|Any CPU
		{E8F7BB35-CD3C-4228-9F5C-A7E1BE8042E4}.Debug|Any CPU.Build.0 = Debug|Any CPU
		{E8F7BB35-CD3C-4228-9F5C-A7E1BE8042E4}.Debug|x64.ActiveCfg = Debug|Any CPU
		{E8F7BB35-CD3C-4228-9F5C-A7E1BE8042E4}.Debug|x64.Build.0 = Debug|Any CPU
		{E8F7BB35-CD3C-4228-9F5C-A7E1BE8042E4}.Debug|x86.ActiveCfg = Debug|Any CPU
		{E8F7BB35-CD3C-4228-9F5C-A7E1BE8042E4}.Debug|x86.Build.0 = Debug|Any CPU
		{E8F7BB35-CD3C-4228-9F5C-A7E1BE8042E4}.Release|Any CPU.ActiveCfg = Release|Any CPU
		{E8F7BB35-CD3C-4228-9F5C-A7E1BE8042E4}.Release|Any CPU.Build.0 = Release|Any CPU
		{E8F7BB35-CD3C-4228-9F5C-A7E1BE8042E4}.Release|x64.ActiveCfg = Release|Any CPU
		{E8F7BB35-CD3C-4228-9F5C-A7E1BE8042E4}.Release|x64.Build.0 = Release|Any CPU
		{E8F7BB35-CD3C-4228-9F5C-A7E1BE8042E4}.Release|x86.ActiveCfg = Release|Any CPU
		{E8F7BB35-CD3C-4228-9F5C-A7E1BE8042E4}.Release|x86.Build.0 = Release|Any CPU
		{0753D3B0-8139-45EB-981F-61ABEE1227C8}.Debug|Any CPU.ActiveCfg = Debug|Any CPU
		{0753D3B0-8139-45EB-981F-61ABEE1227C8}.Debug|Any CPU.Build.0 = Debug|Any CPU
		{0753D3B0-8139-45EB-981F-61ABEE1227C8}.Debug|x64.ActiveCfg = Debug|Any CPU
		{0753D3B0-8139-45EB-981F-61ABEE1227C8}.Debug|x64.Build.0 = Debug|Any CPU
		{0753D3B0-8139-45EB-981F-61ABEE1227C8}.Debug|x86.ActiveCfg = Debug|Any CPU
		{0753D3B0-8139-45EB-981F-61ABEE1227C8}.Debug|x86.Build.0 = Debug|Any CPU
		{0753D3B0-8139-45EB-981F-61ABEE1227C8}.Release|Any CPU.ActiveCfg = Release|Any CPU
		{0753D3B0-8139-45EB-981F-61ABEE1227C8}.Release|Any CPU.Build.0 = Release|Any CPU
		{0753D3B0-8139-45EB-981F-61ABEE1227C8}.Release|x64.ActiveCfg = Release|Any CPU
		{0753D3B0-8139-45EB-981F-61ABEE1227C8}.Release|x64.Build.0 = Release|Any CPU
		{0753D3B0-8139-45EB-981F-61ABEE1227C8}.Release|x86.ActiveCfg = Release|Any CPU
		{0753D3B0-8139-45EB-981F-61ABEE1227C8}.Release|x86.Build.0 = Release|Any CPU
		{9CBD7895-AFA2-4F71-BE34-4FC5BF7E8540}.Debug|Any CPU.ActiveCfg = Debug|Any CPU
		{9CBD7895-AFA2-4F71-BE34-4FC5BF7E8540}.Debug|Any CPU.Build.0 = Debug|Any CPU
		{9CBD7895-AFA2-4F71-BE34-4FC5BF7E8540}.Debug|x64.ActiveCfg = Debug|Any CPU
		{9CBD7895-AFA2-4F71-BE34-4FC5BF7E8540}.Debug|x64.Build.0 = Debug|Any CPU
		{9CBD7895-AFA2-4F71-BE34-4FC5BF7E8540}.Debug|x86.ActiveCfg = Debug|Any CPU
		{9CBD7895-AFA2-4F71-BE34-4FC5BF7E8540}.Debug|x86.Build.0 = Debug|Any CPU
		{9CBD7895-AFA2-4F71-BE34-4FC5BF7E8540}.Release|Any CPU.ActiveCfg = Release|Any CPU
		{9CBD7895-AFA2-4F71-BE34-4FC5BF7E8540}.Release|Any CPU.Build.0 = Release|Any CPU
		{9CBD7895-AFA2-4F71-BE34-4FC5BF7E8540}.Release|x64.ActiveCfg = Release|Any CPU
		{9CBD7895-AFA2-4F71-BE34-4FC5BF7E8540}.Release|x64.Build.0 = Release|Any CPU
		{9CBD7895-AFA2-4F71-BE34-4FC5BF7E8540}.Release|x86.ActiveCfg = Release|Any CPU
		{9CBD7895-AFA2-4F71-BE34-4FC5BF7E8540}.Release|x86.Build.0 = Release|Any CPU
		{EFCCFE07-21B8-4F1A-A70F-C0EAE8BE98A4}.Debug|Any CPU.ActiveCfg = Debug|Any CPU
		{EFCCFE07-21B8-4F1A-A70F-C0EAE8BE98A4}.Debug|Any CPU.Build.0 = Debug|Any CPU
		{EFCCFE07-21B8-4F1A-A70F-C0EAE8BE98A4}.Debug|x64.ActiveCfg = Debug|Any CPU
		{EFCCFE07-21B8-4F1A-A70F-C0EAE8BE98A4}.Debug|x64.Build.0 = Debug|Any CPU
		{EFCCFE07-21B8-4F1A-A70F-C0EAE8BE98A4}.Debug|x86.ActiveCfg = Debug|Any CPU
		{EFCCFE07-21B8-4F1A-A70F-C0EAE8BE98A4}.Debug|x86.Build.0 = Debug|Any CPU
		{EFCCFE07-21B8-4F1A-A70F-C0EAE8BE98A4}.Release|Any CPU.ActiveCfg = Release|Any CPU
		{EFCCFE07-21B8-4F1A-A70F-C0EAE8BE98A4}.Release|Any CPU.Build.0 = Release|Any CPU
		{EFCCFE07-21B8-4F1A-A70F-C0EAE8BE98A4}.Release|x64.ActiveCfg = Release|Any CPU
		{EFCCFE07-21B8-4F1A-A70F-C0EAE8BE98A4}.Release|x64.Build.0 = Release|Any CPU
		{EFCCFE07-21B8-4F1A-A70F-C0EAE8BE98A4}.Release|x86.ActiveCfg = Release|Any CPU
		{EFCCFE07-21B8-4F1A-A70F-C0EAE8BE98A4}.Release|x86.Build.0 = Release|Any CPU
		{AC9E4A55-6503-464C-ACB2-0B1263A29A8C}.Debug|Any CPU.ActiveCfg = Debug|Any CPU
		{AC9E4A55-6503-464C-ACB2-0B1263A29A8C}.Debug|Any CPU.Build.0 = Debug|Any CPU
		{AC9E4A55-6503-464C-ACB2-0B1263A29A8C}.Debug|x64.ActiveCfg = Debug|Any CPU
		{AC9E4A55-6503-464C-ACB2-0B1263A29A8C}.Debug|x64.Build.0 = Debug|Any CPU
		{AC9E4A55-6503-464C-ACB2-0B1263A29A8C}.Debug|x86.ActiveCfg = Debug|Any CPU
		{AC9E4A55-6503-464C-ACB2-0B1263A29A8C}.Debug|x86.Build.0 = Debug|Any CPU
		{AC9E4A55-6503-464C-ACB2-0B1263A29A8C}.Release|Any CPU.ActiveCfg = Release|Any CPU
		{AC9E4A55-6503-464C-ACB2-0B1263A29A8C}.Release|Any CPU.Build.0 = Release|Any CPU
		{AC9E4A55-6503-464C-ACB2-0B1263A29A8C}.Release|x64.ActiveCfg = Release|Any CPU
		{AC9E4A55-6503-464C-ACB2-0B1263A29A8C}.Release|x64.Build.0 = Release|Any CPU
		{AC9E4A55-6503-464C-ACB2-0B1263A29A8C}.Release|x86.ActiveCfg = Release|Any CPU
		{AC9E4A55-6503-464C-ACB2-0B1263A29A8C}.Release|x86.Build.0 = Release|Any CPU
		{189E4C53-D871-4D92-982E-CD157AC9094B}.Debug|Any CPU.ActiveCfg = Debug|Any CPU
		{189E4C53-D871-4D92-982E-CD157AC9094B}.Debug|Any CPU.Build.0 = Debug|Any CPU
		{189E4C53-D871-4D92-982E-CD157AC9094B}.Debug|x64.ActiveCfg = Debug|Any CPU
		{189E4C53-D871-4D92-982E-CD157AC9094B}.Debug|x64.Build.0 = Debug|Any CPU
		{189E4C53-D871-4D92-982E-CD157AC9094B}.Debug|x86.ActiveCfg = Debug|Any CPU
		{189E4C53-D871-4D92-982E-CD157AC9094B}.Debug|x86.Build.0 = Debug|Any CPU
		{189E4C53-D871-4D92-982E-CD157AC9094B}.Release|Any CPU.ActiveCfg = Release|Any CPU
		{189E4C53-D871-4D92-982E-CD157AC9094B}.Release|Any CPU.Build.0 = Release|Any CPU
		{189E4C53-D871-4D92-982E-CD157AC9094B}.Release|x64.ActiveCfg = Release|Any CPU
		{189E4C53-D871-4D92-982E-CD157AC9094B}.Release|x64.Build.0 = Release|Any CPU
		{189E4C53-D871-4D92-982E-CD157AC9094B}.Release|x86.ActiveCfg = Release|Any CPU
		{189E4C53-D871-4D92-982E-CD157AC9094B}.Release|x86.Build.0 = Release|Any CPU
		{9E74CE8E-952F-4FCF-A0E2-EED39370959C}.Debug|Any CPU.ActiveCfg = Debug|Any CPU
		{9E74CE8E-952F-4FCF-A0E2-EED39370959C}.Debug|Any CPU.Build.0 = Debug|Any CPU
		{9E74CE8E-952F-4FCF-A0E2-EED39370959C}.Debug|x64.ActiveCfg = Debug|Any CPU
		{9E74CE8E-952F-4FCF-A0E2-EED39370959C}.Debug|x64.Build.0 = Debug|Any CPU
		{9E74CE8E-952F-4FCF-A0E2-EED39370959C}.Debug|x86.ActiveCfg = Debug|Any CPU
		{9E74CE8E-952F-4FCF-A0E2-EED39370959C}.Debug|x86.Build.0 = Debug|Any CPU
		{9E74CE8E-952F-4FCF-A0E2-EED39370959C}.Release|Any CPU.ActiveCfg = Release|Any CPU
		{9E74CE8E-952F-4FCF-A0E2-EED39370959C}.Release|Any CPU.Build.0 = Release|Any CPU
		{9E74CE8E-952F-4FCF-A0E2-EED39370959C}.Release|x64.ActiveCfg = Release|Any CPU
		{9E74CE8E-952F-4FCF-A0E2-EED39370959C}.Release|x64.Build.0 = Release|Any CPU
		{9E74CE8E-952F-4FCF-A0E2-EED39370959C}.Release|x86.ActiveCfg = Release|Any CPU
		{9E74CE8E-952F-4FCF-A0E2-EED39370959C}.Release|x86.Build.0 = Release|Any CPU
	EndGlobalSection
	GlobalSection(SolutionProperties) = preSolution
		HideSolutionNode = FALSE
	EndGlobalSection
	GlobalSection(NestedProjects) = preSolution
		{7D42FB7F-147C-4D39-8A25-20A6CE480507} = {B2AECABB-E5B1-4CD3-BFD2-ABA45606829E}
		{4E518D30-87FA-4CB5-9E62-05EC73BEF3E6} = {B2AECABB-E5B1-4CD3-BFD2-ABA45606829E}
		{2AC6EC0C-CEA6-4FA8-9261-8CCB7847D92B} = {B2AECABB-E5B1-4CD3-BFD2-ABA45606829E}
		{7FF7DCBF-F5E0-41C1-A0B1-B6F0C0F7AA2E} = {B2AECABB-E5B1-4CD3-BFD2-ABA45606829E}
		{7C149BB2-BF05-46DB-8742-2839112A040D} = {B2AECABB-E5B1-4CD3-BFD2-ABA45606829E}
		{92B9DCB4-2485-41DE-8691-566FFC0A6285} = {B2AECABB-E5B1-4CD3-BFD2-ABA45606829E}
		{99AFAF56-E740-4EB1-9F13-3D6A0E547D47} = {B2AECABB-E5B1-4CD3-BFD2-ABA45606829E}
		{3296C328-50EF-484D-B55D-69925CA4EEE9} = {B2AECABB-E5B1-4CD3-BFD2-ABA45606829E}
		{E8F7BB35-CD3C-4228-9F5C-A7E1BE8042E4} = {B2AECABB-E5B1-4CD3-BFD2-ABA45606829E}
		{0753D3B0-8139-45EB-981F-61ABEE1227C8} = {B2AECABB-E5B1-4CD3-BFD2-ABA45606829E}
		{9CBD7895-AFA2-4F71-BE34-4FC5BF7E8540} = {B2AECABB-E5B1-4CD3-BFD2-ABA45606829E}
		{EFCCFE07-21B8-4F1A-A70F-C0EAE8BE98A4} = {B2AECABB-E5B1-4CD3-BFD2-ABA45606829E}
		{AC9E4A55-6503-464C-ACB2-0B1263A29A8C} = {B2AECABB-E5B1-4CD3-BFD2-ABA45606829E}
		{189E4C53-D871-4D92-982E-CD157AC9094B} = {B2AECABB-E5B1-4CD3-BFD2-ABA45606829E}
		{9E74CE8E-952F-4FCF-A0E2-EED39370959C} = {B2AECABB-E5B1-4CD3-BFD2-ABA45606829E}
	EndGlobalSection
	GlobalSection(ExtensibilityGlobals) = postSolution
		SolutionGuid = {7F1F29E4-F189-4EC8-8AFB-72BD2E29BECE}
	EndGlobalSection
EndGlobal
